
Microsoft Visual Studio Solution File, Format Version 12.00
# Visual Studio Version 17
VisualStudioVersion = 17.8.34330.188
MinimumVisualStudioVersion = 10.0.40219.1
Project("{FAE04EC0-301F-11D3-BF4B-00C04F79EFBC}") = "TextRPG", "TextRPG\TextRPG.csproj", "{76852EDC-7D9B-4199-BE6F-9E76063C985A}"
EndProject
Global
	GlobalSection(SolutionConfigurationPlatforms) = preSolution
		Debug|Any CPU = Debug|Any CPU
		Release|Any CPU = Release|Any CPU
	EndGlobalSection
	GlobalSection(ProjectConfigurationPlatforms) = postSolution
		{76852EDC-7D9B-4199-BE6F-9E76063C985A}.Debug|Any CPU.ActiveCfg = Debug|Any CPU
		{76852EDC-7D9B-4199-BE6F-9E76063C985A}.Debug|Any CPU.Build.0 = Debug|Any CPU
		{76852EDC-7D9B-4199-BE6F-9E76063C985A}.Release|Any CPU.ActiveCfg = Release|Any CPU
		{76852EDC-7D9B-4199-BE6F-9E76063C985A}.Release|Any CPU.Build.0 = Release|Any CPU
	EndGlobalSection
	GlobalSection(SolutionProperties) = preSolution
		HideSolutionNode = FALSE
	EndGlobalSection
	GlobalSection(ExtensibilityGlobals) = postSolution
		SolutionGuid = {E4D423A0-CA89-4C5E-8210-C87EF7784469}
	EndGlobalSection
EndGlobal
